// !$*UTF8*$!
{
	archiveVersion = 1;
	classes = {
	};
	objectVersion = 46;
	objects = {

/* Begin PBXBuildFile section */
		04906CC61B1673DA00C27B62 /* AppDelegate.swift in Sources */ = {isa = PBXBuildFile; fileRef = 04906CC51B1673DA00C27B62 /* AppDelegate.swift */; };
		04906CC81B1673DA00C27B62 /* ViewController.swift in Sources */ = {isa = PBXBuildFile; fileRef = 04906CC71B1673DA00C27B62 /* ViewController.swift */; };
		04906CCB1B1673DA00C27B62 /* Main.storyboard in Resources */ = {isa = PBXBuildFile; fileRef = 04906CC91B1673DA00C27B62 /* Main.storyboard */; };
		04906CCD1B1673DA00C27B62 /* Images.xcassets in Resources */ = {isa = PBXBuildFile; fileRef = 04906CCC1B1673DA00C27B62 /* Images.xcassets */; };
		04906CD01B1673DA00C27B62 /* LaunchScreen.xib in Resources */ = {isa = PBXBuildFile; fileRef = 04906CCE1B1673DA00C27B62 /* LaunchScreen.xib */; };
		04906CDC1B1673DA00C27B62 /* Bonnaroo_CompanionTests.swift in Sources */ = {isa = PBXBuildFile; fileRef = 04906CDB1B1673DA00C27B62 /* Bonnaroo_CompanionTests.swift */; };
/* End PBXBuildFile section */

/* Begin PBXContainerItemProxy section */
		04906CD61B1673DA00C27B62 /* PBXContainerItemProxy */ = {
			isa = PBXContainerItemProxy;
			containerPortal = 04906CB81B1673DA00C27B62 /* Project object */;
			proxyType = 1;
			remoteGlobalIDString = 04906CBF1B1673DA00C27B62;
			remoteInfo = "Bonnaroo Companion";
		};
/* End PBXContainerItemProxy section */

/* Begin PBXFileReference section */
		04906CC01B1673DA00C27B62 /* Bonnaroo Companion.app */ = {isa = PBXFileReference; explicitFileType = wrapper.application; includeInIndex = 0; path = "Bonnaroo Companion.app"; sourceTree = BUILT_PRODUCTS_DIR; };
		04906CC41B1673DA00C27B62 /* Info.plist */ = {isa = PBXFileReference; lastKnownFileType = text.plist.xml; path = Info.plist; sourceTree = "<group>"; };
		04906CC51B1673DA00C27B62 /* AppDelegate.swift */ = {isa = PBXFileReference; lastKnownFileType = sourcecode.swift; path = AppDelegate.swift; sourceTree = "<group>"; };
		04906CC71B1673DA00C27B62 /* ViewController.swift */ = {isa = PBXFileReference; lastKnownFileType = sourcecode.swift; path = ViewController.swift; sourceTree = "<group>"; };
		04906CCA1B1673DA00C27B62 /* Base */ = {isa = PBXFileReference; lastKnownFileType = file.storyboard; name = Base; path = Base.lproj/Main.storyboard; sourceTree = "<group>"; };
		04906CCC1B1673DA00C27B62 /* Images.xcassets */ = {isa = PBXFileReference; lastKnownFileType = folder.assetcatalog; path = Images.xcassets; sourceTree = "<group>"; };
		04906CCF1B1673DA00C27B62 /* Base */ = {isa = PBXFileReference; lastKnownFileType = file.xib; name = Base; path = Base.lproj/LaunchScreen.xib; sourceTree = "<group>"; };
		04906CD51B1673DA00C27B62 /* Bonnaroo CompanionTests.xctest */ = {isa = PBXFileReference; explicitFileType = wrapper.cfbundle; includeInIndex = 0; path = "Bonnaroo CompanionTests.xctest"; sourceTree = BUILT_PRODUCTS_DIR; };
		04906CDA1B1673DA00C27B62 /* Info.plist */ = {isa = PBXFileReference; lastKnownFileType = text.plist.xml; path = Info.plist; sourceTree = "<group>"; };
		04906CDB1B1673DA00C27B62 /* Bonnaroo_CompanionTests.swift */ = {isa = PBXFileReference; lastKnownFileType = sourcecode.swift; path = Bonnaroo_CompanionTests.swift; sourceTree = "<group>"; };
/* End PBXFileReference section */

/* Begin PBXFrameworksBuildPhase section */
		04906CBD1B1673DA00C27B62 /* Frameworks */ = {
			isa = PBXFrameworksBuildPhase;
			buildActionMask = 2147483647;
			files = (
			);
			runOnlyForDeploymentPostprocessing = 0;
		};
		04906CD21B1673DA00C27B62 /* Frameworks */ = {
			isa = PBXFrameworksBuildPhase;
			buildActionMask = 2147483647;
			files = (
			);
			runOnlyForDeploymentPostprocessing = 0;
		};
/* End PBXFrameworksBuildPhase section */

/* Begin PBXGroup section */
		04906CB71B1673DA00C27B62 = {
			isa = PBXGroup;
			children = (
				04906CC21B1673DA00C27B62 /* Bonnaroo Companion */,
				04906CD81B1673DA00C27B62 /* Bonnaroo CompanionTests */,
				04906CC11B1673DA00C27B62 /* Products */,
			);
			sourceTree = "<group>";
		};
		04906CC11B1673DA00C27B62 /* Products */ = {
			isa = PBXGroup;
			children = (
				04906CC01B1673DA00C27B62 /* Bonnaroo Companion.app */,
				04906CD51B1673DA00C27B62 /* Bonnaroo CompanionTests.xctest */,
			);
			name = Products;
			sourceTree = "<group>";
		};
		04906CC21B1673DA00C27B62 /* Bonnaroo Companion */ = {
			isa = PBXGroup;
			children = (
				04906CC51B1673DA00C27B62 /* AppDelegate.swift */,
				04906CC71B1673DA00C27B62 /* ViewController.swift */,
				04906CC91B1673DA00C27B62 /* Main.storyboard */,
				04906CCC1B1673DA00C27B62 /* Images.xcassets */,
				04906CCE1B1673DA00C27B62 /* LaunchScreen.xib */,
				04906CC31B1673DA00C27B62 /* Supporting Files */,
			);
			path = "Bonnaroo Companion";
			sourceTree = "<group>";
		};
		04906CC31B1673DA00C27B62 /* Supporting Files */ = {
			isa = PBXGroup;
			children = (
				04906CC41B1673DA00C27B62 /* Info.plist */,
			);
			name = "Supporting Files";
			sourceTree = "<group>";
		};
		04906CD81B1673DA00C27B62 /* Bonnaroo CompanionTests */ = {
			isa = PBXGroup;
			children = (
				04906CDB1B1673DA00C27B62 /* Bonnaroo_CompanionTests.swift */,
				04906CD91B1673DA00C27B62 /* Supporting Files */,
			);
			path = "Bonnaroo CompanionTests";
			sourceTree = "<group>";
		};
		04906CD91B1673DA00C27B62 /* Supporting Files */ = {
			isa = PBXGroup;
			children = (
				04906CDA1B1673DA00C27B62 /* Info.plist */,
			);
			name = "Supporting Files";
			sourceTree = "<group>";
		};
/* End PBXGroup section */

/* Begin PBXNativeTarget section */
		04906CBF1B1673DA00C27B62 /* Bonnaroo Companion */ = {
			isa = PBXNativeTarget;
			buildConfigurationList = 04906CDF1B1673DA00C27B62 /* Build configuration list for PBXNativeTarget "Bonnaroo Companion" */;
			buildPhases = (
				04906CBC1B1673DA00C27B62 /* Sources */,
				04906CBD1B1673DA00C27B62 /* Frameworks */,
				04906CBE1B1673DA00C27B62 /* Resources */,
			);
			buildRules = (
			);
			dependencies = (
			);
			name = "Bonnaroo Companion";
			productName = "Bonnaroo Companion";
			productReference = 04906CC01B1673DA00C27B62 /* Bonnaroo Companion.app */;
			productType = "com.apple.product-type.application";
		};
		04906CD41B1673DA00C27B62 /* Bonnaroo CompanionTests */ = {
			isa = PBXNativeTarget;
			buildConfigurationList = 04906CE21B1673DA00C27B62 /* Build configuration list for PBXNativeTarget "Bonnaroo CompanionTests" */;
			buildPhases = (
				04906CD11B1673DA00C27B62 /* Sources */,
				04906CD21B1673DA00C27B62 /* Frameworks */,
				04906CD31B1673DA00C27B62 /* Resources */,
			);
			buildRules = (
			);
			dependencies = (
				04906CD71B1673DA00C27B62 /* PBXTargetDependency */,
			);
			name = "Bonnaroo CompanionTests";
			productName = "Bonnaroo CompanionTests";
			productReference = 04906CD51B1673DA00C27B62 /* Bonnaroo CompanionTests.xctest */;
			productType = "com.apple.product-type.bundle.unit-test";
		};
/* End PBXNativeTarget section */

/* Begin PBXProject section */
		04906CB81B1673DA00C27B62 /* Project object */ = {
			isa = PBXProject;
			attributes = {
				LastUpgradeCheck = 0630;
				ORGANIZATIONNAME = "Michael Durante";
				TargetAttributes = {
					04906CBF1B1673DA00C27B62 = {
						CreatedOnToolsVersion = 6.3.2;
					};
					04906CD41B1673DA00C27B62 = {
						CreatedOnToolsVersion = 6.3.2;
						TestTargetID = 04906CBF1B1673DA00C27B62;
					};
				};
			};
			buildConfigurationList = 04906CBB1B1673DA00C27B62 /* Build configuration list for PBXProject "Bonnaroo Companion" */;
			compatibilityVersion = "Xcode 3.2";
			developmentRegion = English;
			hasScannedForEncodings = 0;
			knownRegions = (
				en,
				Base,
			);
			mainGroup = 04906CB71B1673DA00C27B62;
			productRefGroup = 04906CC11B1673DA00C27B62 /* Products */;
			projectDirPath = "";
			projectRoot = "";
			targets = (
				04906CBF1B1673DA00C27B62 /* Bonnaroo Companion */,
				04906CD41B1673DA00C27B62 /* Bonnaroo CompanionTests */,
			);
		};
/* End PBXProject section */

/* Begin PBXResourcesBuildPhase section */
		04906CBE1B1673DA00C27B62 /* Resources */ = {
			isa = PBXResourcesBuildPhase;
			buildActionMask = 2147483647;
			files = (
				04906CCB1B1673DA00C27B62 /* Main.storyboard in Resources */,
				04906CD01B1673DA00C27B62 /* LaunchScreen.xib in Resources */,
				04906CCD1B1673DA00C27B62 /* Images.xcassets in Resources */,
			);
			runOnlyForDeploymentPostprocessing = 0;
		};
		04906CD31B1673DA00C27B62 /* Resources */ = {
			isa = PBXResourcesBuildPhase;
			buildActionMask = 2147483647;
			files = (
			);
			runOnlyForDeploymentPostprocessing = 0;
		};
/* End PBXResourcesBuildPhase section */

/* Begin PBXSourcesBuildPhase section */
		04906CBC1B1673DA00C27B62 /* Sources */ = {
			isa = PBXSourcesBuildPhase;
			buildActionMask = 2147483647;
			files = (
				04906CC81B1673DA00C27B62 /* ViewController.swift in Sources */,
				04906CC61B1673DA00C27B62 /* AppDelegate.swift in Sources */,
			);
			runOnlyForDeploymentPostprocessing = 0;
		};
		04906CD11B1673DA00C27B62 /* Sources */ = {
			isa = PBXSourcesBuildPhase;
			buildActionMask = 2147483647;
			files = (
				04906CDC1B1673DA00C27B62 /* Bonnaroo_CompanionTests.swift in Sources */,
			);
			runOnlyForDeploymentPostprocessing = 0;
		};
/* End PBXSourcesBuildPhase section */

/* Begin PBXTargetDependency section */
		04906CD71B1673DA00C27B62 /* PBXTargetDependency */ = {
			isa = PBXTargetDependency;
			target = 04906CBF1B1673DA00C27B62 /* Bonnaroo Companion */;
			targetProxy = 04906CD61B1673DA00C27B62 /* PBXContainerItemProxy */;
		};
/* End PBXTargetDependency section */

/* Begin PBXVariantGroup section */
		04906CC91B1673DA00C27B62 /* Main.storyboard */ = {
			isa = PBXVariantGroup;
			children = (
				04906CCA1B1673DA00C27B62 /* Base */,
			);
			name = Main.storyboard;
			sourceTree = "<group>";
		};
		04906CCE1B1673DA00C27B62 /* LaunchScreen.xib */ = {
			isa = PBXVariantGroup;
			children = (
				04906CCF1B1673DA00C27B62 /* Base */,
			);
			name = LaunchScreen.xib;
			sourceTree = "<group>";
		};
/* End PBXVariantGroup section */

/* Begin XCBuildConfiguration section */
		04906CDD1B1673DA00C27B62 /* Debug */ = {
			isa = XCBuildConfiguration;
			buildSettings = {
				ALWAYS_SEARCH_USER_PATHS = NO;
				CLANG_CXX_LANGUAGE_STANDARD = "gnu++0x";
				CLANG_CXX_LIBRARY = "libc++";
				CLANG_ENABLE_MODULES = YES;
				CLANG_ENABLE_OBJC_ARC = YES;
				CLANG_WARN_BOOL_CONVERSION = YES;
				CLANG_WARN_CONSTANT_CONVERSION = YES;
				CLANG_WARN_DIRECT_OBJC_ISA_USAGE = YES_ERROR;
				CLANG_WARN_EMPTY_BODY = YES;
				CLANG_WARN_ENUM_CONVERSION = YES;
				CLANG_WARN_INT_CONVERSION = YES;
				CLANG_WARN_OBJC_ROOT_CLASS = YES_ERROR;
				CLANG_WARN_UNREACHABLE_CODE = YES;
				CLANG_WARN__DUPLICATE_METHOD_MATCH = YES;
				"CODE_SIGN_IDENTITY[sdk=iphoneos*]" = "iPhone Developer";
				COPY_PHASE_STRIP = NO;
				DEBUG_INFORMATION_FORMAT = "dwarf-with-dsym";
				ENABLE_STRICT_OBJC_MSGSEND = YES;
				GCC_C_LANGUAGE_STANDARD = gnu99;
				GCC_DYNAMIC_NO_PIC = NO;
				GCC_NO_COMMON_BLOCKS = YES;
				GCC_OPTIMIZATION_LEVEL = 0;
				GCC_PREPROCESSOR_DEFINITIONS = (
					"DEBUG=1",
					"$(inherited)",
				);
				GCC_SYMBOLS_PRIVATE_EXTERN = NO;
				GCC_WARN_64_TO_32_BIT_CONVERSION = YES;
				GCC_WARN_ABOUT_RETURN_TYPE = YES_ERROR;
				GCC_WARN_UNDECLARED_SELECTOR = YES;
				GCC_WARN_UNINITIALIZED_AUTOS = YES_AGGRESSIVE;
				GCC_WARN_UNUSED_FUNCTION = YES;
				GCC_WARN_UNUSED_VARIABLE = YES;
				IPHONEOS_DEPLOYMENT_TARGET = 8.3;
				MTL_ENABLE_DEBUG_INFO = YES;
				ONLY_ACTIVE_ARCH = YES;
				SDKROOT = iphoneos;
				SWIFT_OPTIMIZATION_LEVEL = "-Onone";
			};
			name = Debug;
		};
		04906CDE1B1673DA00C27B62 /* Release */ = {
			isa = XCBuildConfiguration;
			buildSettings = {
				ALWAYS_SEARCH_USER_PATHS = NO;
				CLANG_CXX_LANGUAGE_STANDARD = "gnu++0x";
				CLANG_CXX_LIBRARY = "libc++";
				CLANG_ENABLE_MODULES = YES;
				CLANG_ENABLE_OBJC_ARC = YES;
				CLANG_WARN_BOOL_CONVERSION = YES;
				CLANG_WARN_CONSTANT_CONVERSION = YES;
				CLANG_WARN_DIRECT_OBJC_ISA_USAGE = YES_ERROR;
				CLANG_WARN_EMPTY_BODY = YES;
				CLANG_WARN_ENUM_CONVERSION = YES;
				CLANG_WARN_INT_CONVERSION = YES;
				CLANG_WARN_OBJC_ROOT_CLASS = YES_ERROR;
				CLANG_WARN_UNREACHABLE_CODE = YES;
				CLANG_WARN__DUPLICATE_METHOD_MATCH = YES;
				"CODE_SIGN_IDENTITY[sdk=iphoneos*]" = "iPhone Developer";
				COPY_PHASE_STRIP = NO;
				DEBUG_INFORMATION_FORMAT = "dwarf-with-dsym";
				ENABLE_NS_ASSERTIONS = NO;
				ENABLE_STRICT_OBJC_MSGSEND = YES;
				GCC_C_LANGUAGE_STANDARD = gnu99;
				GCC_NO_COMMON_BLOCKS = YES;
				GCC_WARN_64_TO_32_BIT_CONVERSION = YES;
				GCC_WARN_ABOUT_RETURN_TYPE = YES_ERROR;
				GCC_WARN_UNDECLARED_SELECTOR = YES;
				GCC_WARN_UNINITIALIZED_AUTOS = YES_AGGRESSIVE;
				GCC_WARN_UNUSED_FUNCTION = YES;
				GCC_WARN_UNUSED_VARIABLE = YES;
				IPHONEOS_DEPLOYMENT_TARGET = 8.3;
				MTL_ENABLE_DEBUG_INFO = NO;
				SDKROOT = iphoneos;
				VALIDATE_PRODUCT = YES;
			};
			name = Release;
		};
		04906CE01B1673DA00C27B62 /* Debug */ = {
			isa = XCBuildConfiguration;
			buildSettings = {
				ASSETCATALOG_COMPILER_APPICON_NAME = AppIcon;
				INFOPLIST_FILE = "Bonnaroo Companion/Info.plist";
				LD_RUNPATH_SEARCH_PATHS = "$(inherited) @executable_path/Frameworks";
				PRODUCT_NAME = "$(TARGET_NAME)";
			};
			name = Debug;
		};
		04906CE11B1673DA00C27B62 /* Release */ = {
			isa = XCBuildConfiguration;
			buildSettings = {
				ASSETCATALOG_COMPILER_APPICON_NAME = AppIcon;
				INFOPLIST_FILE = "Bonnaroo Companion/Info.plist";
				LD_RUNPATH_SEARCH_PATHS = "$(inherited) @executable_path/Frameworks";
				PRODUCT_NAME = "$(TARGET_NAME)";
			};
			name = Release;
		};
		04906CE31B1673DA00C27B62 /* Debug */ = {
			isa = XCBuildConfiguration;
			buildSettings = {
				BUNDLE_LOADER = "$(TEST_HOST)";
				FRAMEWORK_SEARCH_PATHS = (
					"$(SDKROOT)/Developer/Library/Frameworks",
					"$(inherited)",
				);
				GCC_PREPROCESSOR_DEFINITIONS = (
					"DEBUG=1",
					"$(inherited)",
				);
				INFOPLIST_FILE = "Bonnaroo CompanionTests/Info.plist";
				LD_RUNPATH_SEARCH_PATHS = "$(inherited) @executable_path/Frameworks @loader_path/Frameworks";
				PRODUCT_NAME = "$(TARGET_NAME)";
				TEST_HOST = "$(BUILT_PRODUCTS_DIR)/Bonnaroo Companion.app/Bonnaroo Companion";
			};
			name = Debug;
		};
		04906CE41B1673DA00C27B62 /* Release */ = {
			isa = XCBuildConfiguration;
			buildSettings = {
				BUNDLE_LOADER = "$(TEST_HOST)";
				FRAMEWORK_SEARCH_PATHS = (
					"$(SDKROOT)/Developer/Library/Frameworks",
					"$(inherited)",
				);
				INFOPLIST_FILE = "Bonnaroo CompanionTests/Info.plist";
				LD_RUNPATH_SEARCH_PATHS = "$(inherited) @executable_path/Frameworks @loader_path/Frameworks";
				PRODUCT_NAME = "$(TARGET_NAME)";
				TEST_HOST = "$(BUILT_PRODUCTS_DIR)/Bonnaroo Companion.app/Bonnaroo Companion";
			};
			name = Release;
		};
/* End XCBuildConfiguration section */

/* Begin XCConfigurationList section */
		04906CBB1B1673DA00C27B62 /* Build configuration list for PBXProject "Bonnaroo Companion" */ = {
			isa = XCConfigurationList;
			buildConfigurations = (
				04906CDD1B1673DA00C27B62 /* Debug */,
				04906CDE1B1673DA00C27B62 /* Release */,
			);
			defaultConfigurationIsVisible = 0;
			defaultConfigurationName = Release;
		};
		04906CDF1B1673DA00C27B62 /* Build configuration list for PBXNativeTarget "Bonnaroo Companion" */ = {
			isa = XCConfigurationList;
			buildConfigurations = (
				04906CE01B1673DA00C27B62 /* Debug */,
				04906CE11B1673DA00C27B62 /* Release */,
			);
			defaultConfigurationIsVisible = 0;
		};
		04906CE21B1673DA00C27B62 /* Build configuration list for PBXNativeTarget "Bonnaroo CompanionTests" */ = {
			isa = XCConfigurationList;
			buildConfigurations = (
				04906CE31B1673DA00C27B62 /* Debug */,
				04906CE41B1673DA00C27B62 /* Release */,
			);
			defaultConfigurationIsVisible = 0;
		};
/* End XCConfigurationList section */
	};
	rootObject = 04906CB81B1673DA00C27B62 /* Project object */;
}
